// !$*UTF8*$!
{
	archiveVersion = 1;
	classes = {
	};
	objectVersion = 56;
	objects = {

/* Begin PBXBuildFile section */
		A3902F04F2B2452EB6987376 /* MainTabBarController.swift in Sources */ = {isa = PBXBuildFile; fileRef = B1F2C3D4E5F6A7B8C9D0E1F2 /* MainTabBarController.swift */; };
		A56DE617F5FB404E8D515825 /* LibraryViewController.swift in Sources */ = {isa = PBXBuildFile; fileRef = 80FD6B229210479DA9B8A9B9 /* LibraryViewController.swift */; };
		E1BF6A7AAB374991920FDEF6 /* ChapterListViewController.swift in Sources */ = {isa = PBXBuildFile; fileRef = 81E55BB844C04D879E69A5F7 /* ChapterListViewController.swift */; };
		1EBC5C22DAE24EDCAD2CC0EA /* SettingsViewController.swift in Sources */ = {isa = PBXBuildFile; fileRef = 9DF9B19B73C648EF9E63B7C7 /* SettingsViewController.swift */; };
		D58A5E3E3B824127BE634D07 /* SyncViewController.swift in Sources */ = {isa = PBXBuildFile; fileRef = D268A326C32F428284A29609 /* SyncViewController.swift */; };
		BCD741D42030447D2D8F0809 /* NRReaderProgressView.swift in Sources */ = {isa = PBXBuildFile; fileRef = 29CE550132313F1FB52FB33C /* NRReaderProgressView.swift */; };
		695E2F7BC6DF561560006856 /* NRReaderTopBar.swift in Sources */ = {isa = PBXBuildFile; fileRef = 812BD2FF36E3F188AAA83EB0 /* NRReaderTopBar.swift */; };
		1AAA2A2779ED74886C1BDD2C /* NRReaderBottomBar.swift in Sources */ = {isa = PBXBuildFile; fileRef = D247452C5A70EDB3542A4E44 /* NRReaderBottomBar.swift */; };
		DD9469966AEA11B724EDD9FC /* NRReaderMoreMenu.swift in Sources */ = {isa = PBXBuildFile; fileRef = 9F44D65A8798892145546C3C /* NRReaderMoreMenu.swift */; };
		43FA48C936BFD91C8C4A5398 /* NRReaderCatalogView.swift in Sources */ = {isa = PBXBuildFile; fileRef = 8D921A90E4AC598F922E977B /* NRReaderCatalogView.swift */; };
		A65B8E727923A7D9D87D0A6E /* FeedbackManager.swift in Sources */ = {isa = PBXBuildFile; fileRef = C7A312C6C29F4FCB4C707942 /* FeedbackManager.swift */; };
		23631A78256B41CEF385EE7D /* TransitionManager.swift in Sources */ = {isa = PBXBuildFile; fileRef = 28EF41B65551DA3E07B3DDB3 /* TransitionManager.swift */; };
		5B8DD34A281D72931F4AE80E /* MicroInteraction.swift in Sources */ = {isa = PBXBuildFile; fileRef = 9A865B9A8875B0BE48E56577 /* MicroInteraction.swift */; };
		4E5E76CAE4B8E4305CB524D7 /* AccessibilityHelper.swift in Sources */ = {isa = PBXBuildFile; fileRef = DDAC8DB233638684FC4FCC5E /* AccessibilityHelper.swift */; };
		6D095F9F323F25E02A6F0ECA /* DesignTokens.swift in Sources */ = {isa = PBXBuildFile; fileRef = 19D8F3ABA0317C1A2463304B /* DesignTokens.swift */; };
		2615DBE0D4D965368334C92D /* ThemeManager.swift in Sources */ = {isa = PBXBuildFile; fileRef = D503DF1920872A934E523951 /* ThemeManager.swift */; };
		4CDEFCADF9591BAC17D08C55 /* NRButton.swift in Sources */ = {isa = PBXBuildFile; fileRef = 77EE1189EBFB7A4DC5729CA7 /* NRButton.swift */; };
		3CF52612540D9F11144B8EC0 /* NRCard.swift in Sources */ = {isa = PBXBuildFile; fileRef = 0F5A35B4B2704322031BA447 /* NRCard.swift */; };
		E535E09F4F05E6AED6AE44E1 /* NRTextField.swift in Sources */ = {isa = PBXBuildFile; fileRef = 00A6E39466F9635895D607E6 /* NRTextField.swift */; };
		4222AB02659CF413B5DA5BF7 /* NRBadge.swift in Sources */ = {isa = PBXBuildFile; fileRef = C8A1FF54AE9B864B10B0AF5F /* NRBadge.swift */; };
		CE5F0FA4CA1A0B40C4B5A5DF /* NREmptyState.swift in Sources */ = {isa = PBXBuildFile; fileRef = 17AC6B9615806CDA05655D45 /* NREmptyState.swift */; };
		C3E179BF06D48CC4AA0A0266 /* NRToast.swift in Sources */ = {isa = PBXBuildFile; fileRef = 4A6B68C58F5565E25E725FA8 /* NRToast.swift */; };
		7E7571C90CC6A68554DEC3E3 /* NRSkeletonView.swift in Sources */ = {isa = PBXBuildFile; fileRef = 2067C05AAAA0BD2DE2D553F0 /* NRSkeletonView.swift */; };
		8B9666B1802CA3549BE767A5 /* NRTableViewCell.swift in Sources */ = {isa = PBXBuildFile; fileRef = DDC6A36E0F4D5AA594C3BEA7 /* NRTableViewCell.swift */; };
		0794D9EB505A52131A0E2518 /* AppContainer.swift in Sources */ = {isa = PBXBuildFile; fileRef = A07CF57CE8709F3D2BA38D46 /* AppContainer.swift */; };
		8E009A4E11C2D83DC4FC9437 /* AppDelegate.swift in Sources */ = {isa = PBXBuildFile; fileRef = D97AB48676A1736B16E6F272 /* AppDelegate.swift */; };
		B2DA626AFD12613526965C41 /* SceneDelegate.swift in Sources */ = {isa = PBXBuildFile; fileRef = BB5ABECA147C18163C61D593 /* SceneDelegate.swift */; };
		27676CD1640D2821B6CDFC5E /* AppConfig.swift in Sources */ = {isa = PBXBuildFile; fileRef = 8F892C8515184B471D2FCFA1 /* AppConfig.swift */; };
		6E12FCD525265D83B5A7874E /* ReaderTheme.swift in Sources */ = {isa = PBXBuildFile; fileRef = ED1147F14B4D26308A0C9FB3 /* ReaderTheme.swift */; };
		E21D1B7DEF1BCAA4A7834D6A /* DatabaseManager.swift in Sources */ = {isa = PBXBuildFile; fileRef = 19CBBFC764348C7026B648B4 /* DatabaseManager.swift */; };
		0CA8D8073FF994CA2063FC1B /* GitHubAPIClient.swift in Sources */ = {isa = PBXBuildFile; fileRef = 40EF56442D5CFF639D025436 /* GitHubAPIClient.swift */; };
		7796C46412050129273E93A1 /* GitHubAuthService.swift in Sources */ = {isa = PBXBuildFile; fileRef = DDCC11FDCE0997B6D0ED11C4 /* GitHubAuthService.swift */; };
		11C7E002ED3171ACBADE436E /* UpdateCheckService.swift in Sources */ = {isa = PBXBuildFile; fileRef = 7342A1A236806DB53A4785F9 /* UpdateCheckService.swift */; };		9622117E341D78152F101C07 /* GitHubFileService.swift in Sources */ = {isa = PBXBuildFile; fileRef = F2A494CF00BE74FB0921170D /* GitHubFileService.swift */; };
		58523FC24DBA77016AF30E27 /* GitHubGitService.swift in Sources */ = {isa = PBXBuildFile; fileRef = 5E880D221396BDE107CB603A /* GitHubGitService.swift */; };
		2B90A7CCB0F9536E625F1F8B /* GitHubModels.swift in Sources */ = {isa = PBXBuildFile; fileRef = BE9C63E9D0F7BFC8157D9A58 /* GitHubModels.swift */; };
		6BEBA2511DDBFEB97AC52BE1 /* BookRepository.swift in Sources */ = {isa = PBXBuildFile; fileRef = 8C0D28E6D340C0D77BA56A32 /* BookRepository.swift */; };
		27E44ED2FF3D314EFE129BEF /* ConflictRepository.swift in Sources */ = {isa = PBXBuildFile; fileRef = 5700D5E9645EFECEDAD78F3F /* ConflictRepository.swift */; };
		D18FE6860AB983779A34A37F /* ChapterRepository.swift in Sources */ = {isa = PBXBuildFile; fileRef = 54A96772FA0F0B22174C9FD5 /* ChapterRepository.swift */; };
		404C9B4E901FA6ED921A6EE3 /* OtherRepositories.swift in Sources */ = {isa = PBXBuildFile; fileRef = AE5996FA18825B8F8A42A7E0 /* OtherRepositories.swift */; };
		91689EAF947AE1015409F427 /* Book.swift in Sources */ = {isa = PBXBuildFile; fileRef = 9A6B05E94CC241E22AC73C86 /* Book.swift */; };
		C27643AB1A43ADC4943A9156 /* Bookmark.swift in Sources */ = {isa = PBXBuildFile; fileRef = D7530A6F14CBDBC3C1B1C6BB /* Bookmark.swift */; };
		405BA915D5A2B1DEADD0E4E7 /* Chapter.swift in Sources */ = {isa = PBXBuildFile; fileRef = 4F4839A26C253E0FB6FF9710 /* Chapter.swift */; };
		823BB24253FF59781B9B44CC /* ReadingProgress.swift in Sources */ = {isa = PBXBuildFile; fileRef = A59383932920B5E9207775CA /* ReadingProgress.swift */; };
		CB32CDE47305185065A02C9B /* SyncMetadata.swift in Sources */ = {isa = PBXBuildFile; fileRef = EF0C2919FB7B06886F39EFB2 /* SyncMetadata.swift */; };
		898A97F32E11E3B5BCB9447D /* RepositoryProtocols.swift in Sources */ = {isa = PBXBuildFile; fileRef = AE6B25DFACEE4E18EFC75CA9 /* RepositoryProtocols.swift */; };
		90CDD46684422B68708645E7 /* BookUseCases.swift in Sources */ = {isa = PBXBuildFile; fileRef = 1BAF2E0B982B72555AE64E18 /* BookUseCases.swift */; };
		D25A2F46D5CBCF1DA1B6ABF0 /* ChapterUseCases.swift in Sources */ = {isa = PBXBuildFile; fileRef = E0049CF20BC5CCB94233CDDA /* ChapterUseCases.swift */; };
		A1010EDDED4F44C5931925AE /* SyncUseCases.swift in Sources */ = {isa = PBXBuildFile; fileRef = 1010D582169FF85CCC3BE7DF /* SyncUseCases.swift */; };
		301AA708AD931AA67990349F /* Extensions.swift in Sources */ = {isa = PBXBuildFile; fileRef = 766D3C4551217555A753A138 /* Extensions.swift */; };
		B00983D663C257E039DE866B /* AppLogger.swift in Sources */ = {isa = PBXBuildFile; fileRef = 01D1327775B8090F9569CBEB /* AppLogger.swift */; };
		00B2FAE74641E7FC27ACFE3B /* Debounce.swift in Sources */ = {isa = PBXBuildFile; fileRef = A7F84EC32E5D64703BE69011 /* Debounce.swift */; };
		68274FA562953F7B404F17A8 /* KeychainManager.swift in Sources */ = {isa = PBXBuildFile; fileRef = 1EF23081B2381FD46D3F03AD /* KeychainManager.swift */; };
		9D0E35F662D47093BE85EE18 /* NetworkMonitor.swift in Sources */ = {isa = PBXBuildFile; fileRef = 9091E4B6C4287D364F284585 /* NetworkMonitor.swift */; };
		A719FD4B34726D42F7E43E77 /* ReaderViewController.swift in Sources */ = {isa = PBXBuildFile; fileRef = EC977BAD69A520E68B796F55 /* ReaderViewController.swift */; };		74AD02EE1685F03BCF8C3A70 /* ManifestManager.swift in Sources */ = {isa = PBXBuildFile; fileRef = 6507A923E51AFB1F7ED8B1E4 /* ManifestManager.swift */; };
		04F4957136D142BF89402130 /* NovelRefreshService.swift in Sources */ = {isa = PBXBuildFile; fileRef = 7FC94F19739744E8A7FE0E70 /* NovelRefreshService.swift */; };
		206E9376722E7A9DA9B0E368 /* SyncEngine.swift in Sources */ = {isa = PBXBuildFile; fileRef = 0727A06B22AD1BBA37C36C6C /* SyncEngine.swift */; };
		95F893ABF8DE2704294E63B9 /* Assets.xcassets in Resources */ = {isa = PBXBuildFile; fileRef = 9788A1872451B15183194D45 /* Assets.xcassets */; };
		5FDE0B06E2594C7E7C8B19AD /* LaunchScreen.storyboard in Resources */ = {isa = PBXBuildFile; fileRef = A150D45F967B80E4BC5060BB /* LaunchScreen.storyboard */; };
		A2539DD33BF8462F4629FEBC /* GRDB in Frameworks */ = {isa = PBXBuildFile; productRef = 038F7006B203E1F553105C2B /* GRDB */; };
		3ED57DEDBA3C4AA95ADAC088 /* PaginationEngine.swift in Sources */ = {isa = PBXBuildFile; fileRef = 3B7F0FF2D02140ADD2E7A777 /* PaginationEngine.swift */; };
		30F98EDFD9DCA057D72ACF0B /* ReaderPageViewController.swift in Sources */ = {isa = PBXBuildFile; fileRef = 4B5ACA995AAFD71474DAE7CC /* ReaderPageViewController.swift */; };		8A0E807FFBF222A475675C82 /* ReaderSettingsManager.swift in Sources */ = {isa = PBXBuildFile; fileRef = 8D599426C1A3F07877499F27 /* ReaderSettingsManager.swift */; };
		0A0B30EB2642D328187614F3 /* ReadingStatsManager.swift in Sources */ = {isa = PBXBuildFile; fileRef = 8E62274257B99FC5C9F51F8E /* ReadingStatsManager.swift */; };
/* End PBXBuildFile section */

/* Begin PBXFileReference section */
		29CE550132313F1FB52FB33C /* NRReaderProgressView.swift */ = {isa = PBXFileReference; lastKnownFileType = sourcecode.swift; path = "NRReaderProgressView.swift"; sourceTree = "<group>"; };
		B1F2C3D4E5F6A7B8C9D0E1F2 /* MainTabBarController.swift */ = {isa = PBXFileReference; lastKnownFileType = sourcecode.swift; path = "MainTabBarController.swift"; sourceTree = "<group>"; };
		80FD6B229210479DA9B8A9B9 /* LibraryViewController.swift */ = {isa = PBXFileReference; lastKnownFileType = sourcecode.swift; path = "LibraryViewController.swift"; sourceTree = "<group>"; };
		81E55BB844C04D879E69A5F7 /* ChapterListViewController.swift */ = {isa = PBXFileReference; lastKnownFileType = sourcecode.swift; path = "ChapterListViewController.swift"; sourceTree = "<group>"; };
		9DF9B19B73C648EF9E63B7C7 /* SettingsViewController.swift */ = {isa = PBXFileReference; lastKnownFileType = sourcecode.swift; path = "SettingsViewController.swift"; sourceTree = "<group>"; };
		D268A326C32F428284A29609 /* SyncViewController.swift */ = {isa = PBXFileReference; lastKnownFileType = sourcecode.swift; path = "SyncViewController.swift"; sourceTree = "<group>"; };
		812BD2FF36E3F188AAA83EB0 /* NRReaderTopBar.swift */ = {isa = PBXFileReference; lastKnownFileType = sourcecode.swift; path = "NRReaderTopBar.swift"; sourceTree = "<group>"; };
		D247452C5A70EDB3542A4E44 /* NRReaderBottomBar.swift */ = {isa = PBXFileReference; lastKnownFileType = sourcecode.swift; path = "NRReaderBottomBar.swift"; sourceTree = "<group>"; };
		9F44D65A8798892145546C3C /* NRReaderMoreMenu.swift */ = {isa = PBXFileReference; lastKnownFileType = sourcecode.swift; path = "NRReaderMoreMenu.swift"; sourceTree = "<group>"; };
		8D921A90E4AC598F922E977B /* NRReaderCatalogView.swift */ = {isa = PBXFileReference; lastKnownFileType = sourcecode.swift; path = "NRReaderCatalogView.swift"; sourceTree = "<group>"; };
		C7A312C6C29F4FCB4C707942 /* FeedbackManager.swift */ = {isa = PBXFileReference; lastKnownFileType = sourcecode.swift; path = "FeedbackManager.swift"; sourceTree = "<group>"; };
		28EF41B65551DA3E07B3DDB3 /* TransitionManager.swift */ = {isa = PBXFileReference; lastKnownFileType = sourcecode.swift; path = "TransitionManager.swift"; sourceTree = "<group>"; };
		9A865B9A8875B0BE48E56577 /* MicroInteraction.swift */ = {isa = PBXFileReference; lastKnownFileType = sourcecode.swift; path = "MicroInteraction.swift"; sourceTree = "<group>"; };
		DDAC8DB233638684FC4FCC5E /* AccessibilityHelper.swift */ = {isa = PBXFileReference; lastKnownFileType = sourcecode.swift; path = "AccessibilityHelper.swift"; sourceTree = "<group>"; };
		19D8F3ABA0317C1A2463304B /* DesignTokens.swift */ = {isa = PBXFileReference; lastKnownFileType = sourcecode.swift; path = "DesignTokens.swift"; sourceTree = "<group>"; };
		D503DF1920872A934E523951 /* ThemeManager.swift */ = {isa = PBXFileReference; lastKnownFileType = sourcecode.swift; path = "ThemeManager.swift"; sourceTree = "<group>"; };
		77EE1189EBFB7A4DC5729CA7 /* NRButton.swift */ = {isa = PBXFileReference; lastKnownFileType = sourcecode.swift; path = "NRButton.swift"; sourceTree = "<group>"; };
		0F5A35B4B2704322031BA447 /* NRCard.swift */ = {isa = PBXFileReference; lastKnownFileType = sourcecode.swift; path = "NRCard.swift"; sourceTree = "<group>"; };
		00A6E39466F9635895D607E6 /* NRTextField.swift */ = {isa = PBXFileReference; lastKnownFileType = sourcecode.swift; path = "NRTextField.swift"; sourceTree = "<group>"; };
		C8A1FF54AE9B864B10B0AF5F /* NRBadge.swift */ = {isa = PBXFileReference; lastKnownFileType = sourcecode.swift; path = "NRBadge.swift"; sourceTree = "<group>"; };
		17AC6B9615806CDA05655D45 /* NREmptyState.swift */ = {isa = PBXFileReference; lastKnownFileType = sourcecode.swift; path = "NREmptyState.swift"; sourceTree = "<group>"; };
		4A6B68C58F5565E25E725FA8 /* NRToast.swift */ = {isa = PBXFileReference; lastKnownFileType = sourcecode.swift; path = "NRToast.swift"; sourceTree = "<group>"; };
		2067C05AAAA0BD2DE2D553F0 /* NRSkeletonView.swift */ = {isa = PBXFileReference; lastKnownFileType = sourcecode.swift; path = "NRSkeletonView.swift"; sourceTree = "<group>"; };
		DDC6A36E0F4D5AA594C3BEA7 /* NRTableViewCell.swift */ = {isa = PBXFileReference; lastKnownFileType = sourcecode.swift; path = "NRTableViewCell.swift"; sourceTree = "<group>"; };
		2678F494CC29BA8E2F0C4643 /* NovelReader.app */ = {isa = PBXFileReference; explicitFileType = wrapper.application; includeInIndex = 0; path = NovelReader.app; sourceTree = BUILT_PRODUCTS_DIR; };
		A07CF57CE8709F3D2BA38D46 /* AppContainer.swift */ = {isa = PBXFileReference; lastKnownFileType = sourcecode.swift; path = "AppContainer.swift"; sourceTree = "<group>"; };
		D97AB48676A1736B16E6F272 /* AppDelegate.swift */ = {isa = PBXFileReference; lastKnownFileType = sourcecode.swift; path = "AppDelegate.swift"; sourceTree = "<group>"; };
		BB5ABECA147C18163C61D593 /* SceneDelegate.swift */ = {isa = PBXFileReference; lastKnownFileType = sourcecode.swift; path = "SceneDelegate.swift"; sourceTree = "<group>"; };
		8F892C8515184B471D2FCFA1 /* AppConfig.swift */ = {isa = PBXFileReference; lastKnownFileType = sourcecode.swift; path = "AppConfig.swift"; sourceTree = "<group>"; };
		ED1147F14B4D26308A0C9FB3 /* ReaderTheme.swift */ = {isa = PBXFileReference; lastKnownFileType = sourcecode.swift; path = "ReaderTheme.swift"; sourceTree = "<group>"; };
		19CBBFC764348C7026B648B4 /* DatabaseManager.swift */ = {isa = PBXFileReference; lastKnownFileType = sourcecode.swift; path = "DatabaseManager.swift"; sourceTree = "<group>"; };
		40EF56442D5CFF639D025436 /* GitHubAPIClient.swift */ = {isa = PBXFileReference; lastKnownFileType = sourcecode.swift; path = "GitHubAPIClient.swift"; sourceTree = "<group>"; };
		DDCC11FDCE0997B6D0ED11C4 /* GitHubAuthService.swift */ = {isa = PBXFileReference; lastKnownFileType = sourcecode.swift; path = "GitHubAuthService.swift"; sourceTree = "<group>"; };
		7342A1A236806DB53A4785F9 /* UpdateCheckService.swift */ = {isa = PBXFileReference; lastKnownFileType = sourcecode.swift; path = "UpdateCheckService.swift"; sourceTree = "<group>"; };		F2A494CF00BE74FB0921170D /* GitHubFileService.swift */ = {isa = PBXFileReference; lastKnownFileType = sourcecode.swift; path = "GitHubFileService.swift"; sourceTree = "<group>"; };
		5E880D221396BDE107CB603A /* GitHubGitService.swift */ = {isa = PBXFileReference; lastKnownFileType = sourcecode.swift; path = "GitHubGitService.swift"; sourceTree = "<group>"; };
		BE9C63E9D0F7BFC8157D9A58 /* GitHubModels.swift */ = {isa = PBXFileReference; lastKnownFileType = sourcecode.swift; path = "GitHubModels.swift"; sourceTree = "<group>"; };
		8C0D28E6D340C0D77BA56A32 /* BookRepository.swift */ = {isa = PBXFileReference; lastKnownFileType = sourcecode.swift; path = "BookRepository.swift"; sourceTree = "<group>"; };
		5700D5E9645EFECEDAD78F3F /* ConflictRepository.swift */ = {isa = PBXFileReference; lastKnownFileType = sourcecode.swift; path = "ConflictRepository.swift"; sourceTree = "<group>"; };
		54A96772FA0F0B22174C9FD5 /* ChapterRepository.swift */ = {isa = PBXFileReference; lastKnownFileType = sourcecode.swift; path = "ChapterRepository.swift"; sourceTree = "<group>"; };
		AE5996FA18825B8F8A42A7E0 /* OtherRepositories.swift */ = {isa = PBXFileReference; lastKnownFileType = sourcecode.swift; path = "OtherRepositories.swift"; sourceTree = "<group>"; };
		9A6B05E94CC241E22AC73C86 /* Book.swift */ = {isa = PBXFileReference; lastKnownFileType = sourcecode.swift; path = "Book.swift"; sourceTree = "<group>"; };
		D7530A6F14CBDBC3C1B1C6BB /* Bookmark.swift */ = {isa = PBXFileReference; lastKnownFileType = sourcecode.swift; path = "Bookmark.swift"; sourceTree = "<group>"; };
		4F4839A26C253E0FB6FF9710 /* Chapter.swift */ = {isa = PBXFileReference; lastKnownFileType = sourcecode.swift; path = "Chapter.swift"; sourceTree = "<group>"; };
		A59383932920B5E9207775CA /* ReadingProgress.swift */ = {isa = PBXFileReference; lastKnownFileType = sourcecode.swift; path = "ReadingProgress.swift"; sourceTree = "<group>"; };
		EF0C2919FB7B06886F39EFB2 /* SyncMetadata.swift */ = {isa = PBXFileReference; lastKnownFileType = sourcecode.swift; path = "SyncMetadata.swift"; sourceTree = "<group>"; };
		AE6B25DFACEE4E18EFC75CA9 /* RepositoryProtocols.swift */ = {isa = PBXFileReference; lastKnownFileType = sourcecode.swift; path = "RepositoryProtocols.swift"; sourceTree = "<group>"; };
		1BAF2E0B982B72555AE64E18 /* BookUseCases.swift */ = {isa = PBXFileReference; lastKnownFileType = sourcecode.swift; path = "BookUseCases.swift"; sourceTree = "<group>"; };
		E0049CF20BC5CCB94233CDDA /* ChapterUseCases.swift */ = {isa = PBXFileReference; lastKnownFileType = sourcecode.swift; path = "ChapterUseCases.swift"; sourceTree = "<group>"; };
		1010D582169FF85CCC3BE7DF /* SyncUseCases.swift */ = {isa = PBXFileReference; lastKnownFileType = sourcecode.swift; path = "SyncUseCases.swift"; sourceTree = "<group>"; };
		766D3C4551217555A753A138 /* Extensions.swift */ = {isa = PBXFileReference; lastKnownFileType = sourcecode.swift; path = "Extensions.swift"; sourceTree = "<group>"; };
		01D1327775B8090F9569CBEB /* AppLogger.swift */ = {isa = PBXFileReference; lastKnownFileType = sourcecode.swift; path = "AppLogger.swift"; sourceTree = "<group>"; };
		A7F84EC32E5D64703BE69011 /* Debounce.swift */ = {isa = PBXFileReference; lastKnownFileType = sourcecode.swift; path = "Debounce.swift"; sourceTree = "<group>"; };
		1EF23081B2381FD46D3F03AD /* KeychainManager.swift */ = {isa = PBXFileReference; lastKnownFileType = sourcecode.swift; path = "KeychainManager.swift"; sourceTree = "<group>"; };
		9091E4B6C4287D364F284585 /* NetworkMonitor.swift */ = {isa = PBXFileReference; lastKnownFileType = sourcecode.swift; path = "NetworkMonitor.swift"; sourceTree = "<group>"; };
		EC977BAD69A520E68B796F55 /* ReaderViewController.swift */ = {isa = PBXFileReference; lastKnownFileType = sourcecode.swift; path = "ReaderViewController.swift"; sourceTree = "<group>"; };		6507A923E51AFB1F7ED8B1E4 /* ManifestManager.swift */ = {isa = PBXFileReference; lastKnownFileType = sourcecode.swift; path = "ManifestManager.swift"; sourceTree = "<group>"; };
		7FC94F19739744E8A7FE0E70 /* NovelRefreshService.swift */ = {isa = PBXFileReference; lastKnownFileType = sourcecode.swift; path = "NovelRefreshService.swift"; sourceTree = "<group>"; };
		0727A06B22AD1BBA37C36C6C /* SyncEngine.swift */ = {isa = PBXFileReference; lastKnownFileType = sourcecode.swift; path = "SyncEngine.swift"; sourceTree = "<group>"; };
		9788A1872451B15183194D45 /* Assets.xcassets */ = {isa = PBXFileReference; lastKnownFileType = folder.assetcatalog; path = Assets.xcassets; sourceTree = "<group>"; };
		A150D45F967B80E4BC5060BB /* LaunchScreen.storyboard */ = {isa = PBXFileReference; lastKnownFileType = file.storyboard; path = LaunchScreen.storyboard; sourceTree = "<group>"; };
		3B61BFC59B1D49ED7380B5EB /* Info.plist */ = {isa = PBXFileReference; lastKnownFileType = text.plist.xml; path = Info.plist; sourceTree = "<group>"; };
		3B7F0FF2D02140ADD2E7A777 /* PaginationEngine.swift */ = {isa = PBXFileReference; lastKnownFileType = sourcecode.swift; path = "PaginationEngine.swift"; sourceTree = "<group>"; };
		4B5ACA995AAFD71474DAE7CC /* ReaderPageViewController.swift */ = {isa = PBXFileReference; lastKnownFileType = sourcecode.swift; path = "ReaderPageViewController.swift"; sourceTree = "<group>"; };		8D599426C1A3F07877499F27 /* ReaderSettingsManager.swift */ = {isa = PBXFileReference; lastKnownFileType = sourcecode.swift; path = "ReaderSettingsManager.swift"; sourceTree = "<group>"; };
		8E62274257B99FC5C9F51F8E /* ReadingStatsManager.swift */ = {isa = PBXFileReference; lastKnownFileType = sourcecode.swift; path = "ReadingStatsManager.swift"; sourceTree = "<group>"; };
/* End PBXFileReference section */

/* Begin PBXFrameworksBuildPhase section */
		A9E872B0C4F3AB11D258C39F /* Frameworks */ = {
			isa = PBXFrameworksBuildPhase;
			buildActionMask = 2147483647;
			files = (
				A2539DD33BF8462F4629FEBC /* GRDB in Frameworks */,
			);
			runOnlyForDeploymentPostprocessing = 0;
		};
/* End PBXFrameworksBuildPhase section */

/* Begin PBXGroup section */
		0A85897F1A32FE9B91C081CD = {
			isa = PBXGroup;
			children = (
				C8F9F71FF0838A2E3E1A3ACB /* NovelReader */,
				B88D7E26791946AEFDCC8BB7 /* Products */,
			);
			sourceTree = "<group>";
		};
		B88D7E26791946AEFDCC8BB7 /* Products */ = {
			isa = PBXGroup;
			children = (
				2678F494CC29BA8E2F0C4643 /* NovelReader.app */,
			);
			name = Products;
			sourceTree = "<group>";
		};
		C8F9F71FF0838A2E3E1A3ACB /* NovelReader */ = {
			isa = PBXGroup;
			children = (
				32E7A2607F6029EDCFC9DAFF /* App */,
				816120DCB40F76FE42E4CDB7 /* Base.lproj */,
				5DAFD3CD8AD5D6EEBFB0CCB2 /* Configuration */,
				F0940197CE878AABEBE0B314 /* Data */,
				3319EFFF3EF54147679B0189 /* Domain */,
				15426A2942F987A8CF74E5C0 /* Foundation */,
				0DF5A2541E11C3DB2A171E93 /* Presentation */,
				8908477F19365CEA1F635FA9 /* SyncEngine */,
				9788A1872451B15183194D45 /* Assets.xcassets */,
				3B61BFC59B1D49ED7380B5EB /* Info.plist */,
			);
			path = "NovelReader";
			sourceTree = "<group>";
		};
		32E7A2607F6029EDCFC9DAFF /* App */ = {
			isa = PBXGroup;
			children = (
				A07CF57CE8709F3D2BA38D46 /* AppContainer.swift */,
				D97AB48676A1736B16E6F272 /* AppDelegate.swift */,
				BB5ABECA147C18163C61D593 /* SceneDelegate.swift */,
			);
			path = "App";
			sourceTree = "<group>";
		};
		816120DCB40F76FE42E4CDB7 /* Base.lproj */ = {
			isa = PBXGroup;
			children = (
				A150D45F967B80E4BC5060BB /* LaunchScreen.storyboard */,
			);
			path = "Base.lproj";
			sourceTree = "<group>";
		};
		5DAFD3CD8AD5D6EEBFB0CCB2 /* Configuration */ = {
			isa = PBXGroup;
			children = (
				8F892C8515184B471D2FCFA1 /* AppConfig.swift */,
				ED1147F14B4D26308A0C9FB3 /* ReaderTheme.swift */,
			);
			path = "Configuration";
			sourceTree = "<group>";
		};
		F0940197CE878AABEBE0B314 /* Data */ = {
			isa = PBXGroup;
			children = (
				9E6D4A7A54BCBB7E99F92B8E /* Database */,
				EF8428DF9EB6C82AB33579CE /* GitHub */,
				95531783BD4754E034E89257 /* Repository */,
			);
			path = "Data";
			sourceTree = "<group>";
		};
		9E6D4A7A54BCBB7E99F92B8E /* Database */ = {
			isa = PBXGroup;
			children = (
				19CBBFC764348C7026B648B4 /* DatabaseManager.swift */,
			);
			path = "Database";
			sourceTree = "<group>";
		};
		EF8428DF9EB6C82AB33579CE /* GitHub */ = {
			isa = PBXGroup;
			children = (
				04652BD6403478F331D2C593 /* Models */,
				40EF56442D5CFF639D025436 /* GitHubAPIClient.swift */,
				DDCC11FDCE0997B6D0ED11C4 /* GitHubAuthService.swift */,
				F2A494CF00BE74FB0921170D /* GitHubFileService.swift */,
				5E880D221396BDE107CB603A /* GitHubGitService.swift */,
				7342A1A236806DB53A4785F9 /* UpdateCheckService.swift */,
			);
			path = "GitHub";
			sourceTree = "<group>";
		};
		04652BD6403478F331D2C593 /* Models */ = {
			isa = PBXGroup;
			children = (
				BE9C63E9D0F7BFC8157D9A58 /* GitHubModels.swift */,
			);
			path = "Models";
			sourceTree = "<group>";
		};
		95531783BD4754E034E89257 /* Repository */ = {
			isa = PBXGroup;
			children = (
				8C0D28E6D340C0D77BA56A32 /* BookRepository.swift */,
				5700D5E9645EFECEDAD78F3F /* ConflictRepository.swift */,
				54A96772FA0F0B22174C9FD5 /* ChapterRepository.swift */,
				AE5996FA18825B8F8A42A7E0 /* OtherRepositories.swift */,
			);
			path = "Repository";
			sourceTree = "<group>";
		};
		3319EFFF3EF54147679B0189 /* Domain */ = {
			isa = PBXGroup;
			children = (
				B9EA6ECE0E5A0605199C99E1 /* Models */,
				D46DA909A5AD598C020E9318 /* Protocols */,
				9BF1104C0D4333B350E0C2EE /* UseCases */,
			);
			path = "Domain";
			sourceTree = "<group>";
		};
		B9EA6ECE0E5A0605199C99E1 /* Models */ = {
			isa = PBXGroup;
			children = (
				9A6B05E94CC241E22AC73C86 /* Book.swift */,
				D7530A6F14CBDBC3C1B1C6BB /* Bookmark.swift */,
				4F4839A26C253E0FB6FF9710 /* Chapter.swift */,
				A59383932920B5E9207775CA /* ReadingProgress.swift */,
				EF0C2919FB7B06886F39EFB2 /* SyncMetadata.swift */,
			);
			path = "Models";
			sourceTree = "<group>";
		};
		D46DA909A5AD598C020E9318 /* Protocols */ = {
			isa = PBXGroup;
			children = (
				AE6B25DFACEE4E18EFC75CA9 /* RepositoryProtocols.swift */,
			);
			path = "Protocols";
			sourceTree = "<group>";
		};
		9BF1104C0D4333B350E0C2EE /* UseCases */ = {
			isa = PBXGroup;
			children = (
				74609E265B35D8F4D0422349 /* Book */,
				7892A18EE2C584C903EBBC05 /* Chapter */,
				215D7A3EB0CCD4693C9B5501 /* Sync */,
			);
			path = "UseCases";
			sourceTree = "<group>";
		};
		74609E265B35D8F4D0422349 /* Book */ = {
			isa = PBXGroup;
			children = (
				1BAF2E0B982B72555AE64E18 /* BookUseCases.swift */,
			);
			path = "Book";
			sourceTree = "<group>";
		};
		7892A18EE2C584C903EBBC05 /* Chapter */ = {
			isa = PBXGroup;
			children = (
				E0049CF20BC5CCB94233CDDA /* ChapterUseCases.swift */,
81E55BB844C04D879E69A5F7 /* ChapterListViewController.swift */,
			);
			path = "Chapter";
			sourceTree = "<group>";
		};
		215D7A3EB0CCD4693C9B5501 /* Sync */ = {
			isa = PBXGroup;
			children = (
				1010D582169FF85CCC3BE7DF /* SyncUseCases.swift */,
D268A326C32F428284A29609 /* SyncViewController.swift */,
			);
			path = "Sync";
			sourceTree = "<group>";
		};
		15426A2942F987A8CF74E5C0 /* Foundation */ = {
			isa = PBXGroup;
			children = (
				57C10B6690646AB6C57A1B8D /* Extensions */,
				668459D182DC0CC7A482C36F /* Logger */,
				10FFCB3278B742BC7C50F4C0 /* Utilities */,
			);
			path = "Foundation";
			sourceTree = "<group>";
		};
		57C10B6690646AB6C57A1B8D /* Extensions */ = {
			isa = PBXGroup;
			children = (
				766D3C4551217555A753A138 /* Extensions.swift */,
			);
			path = "Extensions";
			sourceTree = "<group>";
		};
		668459D182DC0CC7A482C36F /* Logger */ = {
			isa = PBXGroup;
			children = (
				01D1327775B8090F9569CBEB /* AppLogger.swift */,
			);
			path = "Logger";
			sourceTree = "<group>";
		};
		10FFCB3278B742BC7C50F4C0 /* Utilities */ = {
			isa = PBXGroup;
			children = (
				A7F84EC32E5D64703BE69011 /* Debounce.swift */,
				1EF23081B2381FD46D3F03AD /* KeychainManager.swift */,
				9091E4B6C4287D364F284585 /* NetworkMonitor.swift */,
				8D599426C1A3F07877499F27 /* ReaderSettingsManager.swift */,
				8E62274257B99FC5C9F51F8E /* ReadingStatsManager.swift */,
			);
			path = "Utilities";
			sourceTree = "<group>";
		};
		0DF5A2541E11C3DB2A171E93 /* Presentation */ = {
			isa = PBXGroup;
			children = (
				5C11829A7786D7C5A164E79F /* Animation */,
				CF151FC617B52C92EC8FB512 /* Accessibility */,
				47DFE92D5ECF2D1B6E4BA239 /* Theme */,
				35D391D4657DD81FCA64C5B9 /* Components */,
				849874CC0D9E61FAFFE6A4C1 /* Editor */,
				06279BD0A4CA6BB28AE377C2 /* Library */,
				5DC021304939A9BBD265F2FE /* Reader */,
				745F7519D11DF4C76D05F18F /* Settings */,
				4F11E51C07A434D1745851F9 /* Sync */,
				1618D1EBB426A2391E8B652F /* Update */,
			);
			path = "Presentation";
			sourceTree = "<group>";
		};
		849874CC0D9E61FAFFE6A4C1 /* Editor */ = {
			isa = PBXGroup;
			children = (			);
			path = "Editor";
			sourceTree = "<group>";
		};
		06279BD0A4CA6BB28AE377C2 /* Library */ = {
			isa = PBXGroup;
			children = (

				80FD6B229210479DA9B8A9B9 /* LibraryViewController.swift */,

						);
			path = "Library";
			sourceTree = "<group>";
		};
		5DC021304939A9BBD265F2FE /* Reader */ = {
			isa = PBXGroup;
			children = (
				29CE550132313F1FB52FB33C /* NRReaderProgressView.swift */,
				812BD2FF36E3F188AAA83EB0 /* NRReaderTopBar.swift */,
				D247452C5A70EDB3542A4E44 /* NRReaderBottomBar.swift */,
				9F44D65A8798892145546C3C /* NRReaderMoreMenu.swift */,
				8D921A90E4AC598F922E977B /* NRReaderCatalogView.swift */,				EC977BAD69A520E68B796F55 /* ReaderViewController.swift */,
				3B7F0FF2D02140ADD2E7A777 /* PaginationEngine.swift */,
				4B5ACA995AAFD71474DAE7CC /* ReaderPageViewController.swift */,			);
			path = "Reader";
			sourceTree = "<group>";
		};
		745F7519D11DF4C76D05F18F /* Settings */ = {
			isa = PBXGroup;
			children = (

				9DF9B19B73C648EF9E63B7C7 /* SettingsViewController.swift */,

						);
			path = "Settings";
			sourceTree = "<group>";
		};
		4F11E51C07A434D1745851F9 /* Sync */ = {
			isa = PBXGroup;
			children = (				14C824F709CBFD7D1B2FFAC5 /* ConflictListViewModel.swift */,			);
			path = "Sync";
			sourceTree = "<group>";
		};
		8908477F19365CEA1F635FA9 /* SyncEngine */ = {
			isa = PBXGroup;
			children = (
				6507A923E51AFB1F7ED8B1E4 /* ManifestManager.swift */,
				7FC94F19739744E8A7FE0E70 /* NovelRefreshService.swift */,
				0727A06B22AD1BBA37C36C6C /* SyncEngine.swift */,
			);
			path = "SyncEngine";
			sourceTree = "<group>";
		};
		1618D1EBB426A2391E8B652F /* Update */ = {
			isa = PBXGroup;
			children = (			);
			path = "Update";
			sourceTree = "<group>";
		};

		47DFE92D5ECF2D1B6E4BA239 /* Theme */ = {
			isa = PBXGroup;
			children = (
				19D8F3ABA0317C1A2463304B /* DesignTokens.swift */,
				D503DF1920872A934E523951 /* ThemeManager.swift */,
			);
			path = Theme;
			sourceTree = "<group>";
		};
		35D391D4657DD81FCA64C5B9 /* Components */ = {
			isa = PBXGroup;
			children = (
				77EE1189EBFB7A4DC5729CA7 /* NRButton.swift */,
				0F5A35B4B2704322031BA447 /* NRCard.swift */,
				00A6E39466F9635895D607E6 /* NRTextField.swift */,
				C8A1FF54AE9B864B10B0AF5F /* NRBadge.swift */,
				17AC6B9615806CDA05655D45 /* NREmptyState.swift */,
				4A6B68C58F5565E25E725FA8 /* NRToast.swift */,
				2067C05AAAA0BD2DE2D553F0 /* NRSkeletonView.swift */,
				DDC6A36E0F4D5AA594C3BEA7 /* NRTableViewCell.swift */,
			);
			path = Components;
			sourceTree = "<group>";
		};

		5C11829A7786D7C5A164E79F /* Animation */ = {
			isa = PBXGroup;
			children = (
				C7A312C6C29F4FCB4C707942 /* FeedbackManager.swift */,
				28EF41B65551DA3E07B3DDB3 /* TransitionManager.swift */,
				9A865B9A8875B0BE48E56577 /* MicroInteraction.swift */,
			);
			path = Animation;
			sourceTree = "<group>";
		};
		CF151FC617B52C92EC8FB512 /* Accessibility */ = {
			isa = PBXGroup;
			children = (
				DDAC8DB233638684FC4FCC5E /* AccessibilityHelper.swift */,
			);
			path = Accessibility;
			sourceTree = "<group>";
		};
/* End PBXGroup section */

/* Begin PBXNativeTarget section */
		730950AD798A77AD508AA9E2 /* NovelReader */ = {
			isa = PBXNativeTarget;
			buildConfigurationList = 843DC471AAF26AC8174F311B /* Build configuration list for PBXNativeTarget "NovelReader" */;
			buildPhases = (
				7EE609159AC086BAB15FF998 /* Sources */,
				A9E872B0C4F3AB11D258C39F /* Frameworks */,
				A2892AFC2D88060C0AA91373 /* Resources */,
			);
			buildRules = (
			);
			dependencies = (
			);
			name = NovelReader;
			packageProductDependencies = (
				038F7006B203E1F553105C2B /* GRDB */,
			);
			productName = NovelReader;
			productReference = 2678F494CC29BA8E2F0C4643 /* NovelReader.app */;
			productType = "com.apple.product-type.application";
		};
/* End PBXNativeTarget section */

/* Begin PBXProject section */
		1781F676DEDF5767F3243DB0 /* Project object */ = {
			isa = PBXProject;
			attributes = {
				BuildIndependentTargetsInParallel = 1;
				LastSwiftUpdateCheck = 1400;
				LastUpgradeCheck = 1400;
				TargetAttributes = {
					730950AD798A77AD508AA9E2 = {
						CreatedOnToolsVersion = 14.0;
					};
				};
			};
			buildConfigurationList = 6E39CCE14DCF712BA66C9965 /* Build configuration list for PBXProject "NovelReader" */;
			compatibilityVersion = "Xcode 14.0";
			developmentRegion = en;
			hasScannedForEncodings = 0;
			knownRegions = (
				en,
				Base,
			);
			mainGroup = 0A85897F1A32FE9B91C081CD;
			packageReferences = (
				2833F322D0F2085CB5A85F1E /* XCRemoteSwiftPackageReference "GRDB.swift" */,
			);
			productRefGroup = B88D7E26791946AEFDCC8BB7 /* Products */;
			projectDirPath = "";
			projectRoot = "";
			targets = (
				730950AD798A77AD508AA9E2 /* NovelReader */,
			);
		};
/* End PBXProject section */

/* Begin PBXResourcesBuildPhase section */
		A2892AFC2D88060C0AA91373 /* Resources */ = {
			isa = PBXResourcesBuildPhase;
			buildActionMask = 2147483647;
			files = (
				95F893ABF8DE2704294E63B9 /* Assets.xcassets in Resources */,
				5FDE0B06E2594C7E7C8B19AD /* LaunchScreen.storyboard in Resources */,
			);
			runOnlyForDeploymentPostprocessing = 0;
		};
/* End PBXResourcesBuildPhase section */

/* Begin PBXSourcesBuildPhase section */
		7EE609159AC086BAB15FF998 /* Sources */ = {
			isa = PBXSourcesBuildPhase;
			buildActionMask = 2147483647;
			files = (
				D58A5E3E3B824127BE634D07 /* SyncViewController.swift in Sources */,
				1EBC5C22DAE24EDCAD2CC0EA /* SettingsViewController.swift in Sources */,
				E1BF6A7AAB374991920FDEF6 /* ChapterListViewController.swift in Sources */,
				A56DE617F5FB404E8D515825 /* LibraryViewController.swift in Sources */,
				A3902F04F2B2452EB6987376 /* MainTabBarController.swift in Sources */,
				BCD741D42030447D2D8F0809 /* NRReaderProgressView.swift in Sources */,
				695E2F7BC6DF561560006856 /* NRReaderTopBar.swift in Sources */,
				1AAA2A2779ED74886C1BDD2C /* NRReaderBottomBar.swift in Sources */,
				DD9469966AEA11B724EDD9FC /* NRReaderMoreMenu.swift in Sources */,
				43FA48C936BFD91C8C4A5398 /* NRReaderCatalogView.swift in Sources */,
				A65B8E727923A7D9D87D0A6E /* FeedbackManager.swift in Sources */,
				23631A78256B41CEF385EE7D /* TransitionManager.swift in Sources */,
				5B8DD34A281D72931F4AE80E /* MicroInteraction.swift in Sources */,
				4E5E76CAE4B8E4305CB524D7 /* AccessibilityHelper.swift in Sources */,
				6D095F9F323F25E02A6F0ECA /* DesignTokens.swift in Sources */,
				2615DBE0D4D965368334C92D /* ThemeManager.swift in Sources */,
				4CDEFCADF9591BAC17D08C55 /* NRButton.swift in Sources */,
				3CF52612540D9F11144B8EC0 /* NRCard.swift in Sources */,
				E535E09F4F05E6AED6AE44E1 /* NRTextField.swift in Sources */,
				4222AB02659CF413B5DA5BF7 /* NRBadge.swift in Sources */,
				CE5F0FA4CA1A0B40C4B5A5DF /* NREmptyState.swift in Sources */,
				C3E179BF06D48CC4AA0A0266 /* NRToast.swift in Sources */,
				7E7571C90CC6A68554DEC3E3 /* NRSkeletonView.swift in Sources */,
				8B9666B1802CA3549BE767A5 /* NRTableViewCell.swift in Sources */,
				0794D9EB505A52131A0E2518 /* AppContainer.swift in Sources */,
				8E009A4E11C2D83DC4FC9437 /* AppDelegate.swift in Sources */,
				B2DA626AFD12613526965C41 /* SceneDelegate.swift in Sources */,
				27676CD1640D2821B6CDFC5E /* AppConfig.swift in Sources */,
				6E12FCD525265D83B5A7874E /* ReaderTheme.swift in Sources */,
				E21D1B7DEF1BCAA4A7834D6A /* DatabaseManager.swift in Sources */,
				0CA8D8073FF994CA2063FC1B /* GitHubAPIClient.swift in Sources */,
				7796C46412050129273E93A1 /* GitHubAuthService.swift in Sources */,
				11C7E002ED3171ACBADE436E /* UpdateCheckService.swift in Sources */,				9622117E341D78152F101C07 /* GitHubFileService.swift in Sources */,
				58523FC24DBA77016AF30E27 /* GitHubGitService.swift in Sources */,
				2B90A7CCB0F9536E625F1F8B /* GitHubModels.swift in Sources */,
				6BEBA2511DDBFEB97AC52BE1 /* BookRepository.swift in Sources */,
				27E44ED2FF3D314EFE129BEF /* ConflictRepository.swift in Sources */,
				D18FE6860AB983779A34A37F /* ChapterRepository.swift in Sources */,
				404C9B4E901FA6ED921A6EE3 /* OtherRepositories.swift in Sources */,
				91689EAF947AE1015409F427 /* Book.swift in Sources */,
				C27643AB1A43ADC4943A9156 /* Bookmark.swift in Sources */,
				405BA915D5A2B1DEADD0E4E7 /* Chapter.swift in Sources */,
				823BB24253FF59781B9B44CC /* ReadingProgress.swift in Sources */,
				CB32CDE47305185065A02C9B /* SyncMetadata.swift in Sources */,
				898A97F32E11E3B5BCB9447D /* RepositoryProtocols.swift in Sources */,
				90CDD46684422B68708645E7 /* BookUseCases.swift in Sources */,
				D25A2F46D5CBCF1DA1B6ABF0 /* ChapterUseCases.swift in Sources */,
				A1010EDDED4F44C5931925AE /* SyncUseCases.swift in Sources */,
				301AA708AD931AA67990349F /* Extensions.swift in Sources */,
				B00983D663C257E039DE866B /* AppLogger.swift in Sources */,
				00B2FAE74641E7FC27ACFE3B /* Debounce.swift in Sources */,
				68274FA562953F7B404F17A8 /* KeychainManager.swift in Sources */,
				9D0E35F662D47093BE85EE18 /* NetworkMonitor.swift in Sources */,
				A719FD4B34726D42F7E43E77 /* ReaderViewController.swift in Sources */,				74AD02EE1685F03BCF8C3A70 /* ManifestManager.swift in Sources */,
				04F4957136D142BF89402130 /* NovelRefreshService.swift in Sources */,
				206E9376722E7A9DA9B0E368 /* SyncEngine.swift in Sources */,
				3ED57DEDBA3C4AA95ADAC088 /* PaginationEngine.swift in Sources */,
				30F98EDFD9DCA057D72ACF0B /* ReaderPageViewController.swift in Sources */,				8A0E807FFBF222A475675C82 /* ReaderSettingsManager.swift in Sources */,
				0A0B30EB2642D328187614F3 /* ReadingStatsManager.swift in Sources */,
			);
			runOnlyForDeploymentPostprocessing = 0;
		};
/* End PBXSourcesBuildPhase section */

/* Begin XCBuildConfiguration section */
		A29EF1944E22A8DDB1A190ED /* Debug */ = {
			isa = XCBuildConfiguration;
			buildSettings = {
				ALWAYS_SEARCH_USER_PATHS = NO;
				CLANG_ANALYZER_NONNULL = YES;
				CLANG_CXX_LANGUAGE_STANDARD = "gnu++20";
				CLANG_ENABLE_MODULES = YES;
				CLANG_ENABLE_OBJC_ARC = YES;
				COPY_PHASE_STRIP = NO;
				DEBUG_INFORMATION_FORMAT = dwarf;
				ENABLE_STRICT_OBJC_MSGSEND = YES;
				ENABLE_TESTABILITY = YES;
				GCC_C_LANGUAGE_STANDARD = gnu11;
				GCC_DYNAMIC_NO_PIC = NO;
				GCC_NO_COMMON_BLOCKS = YES;
				GCC_OPTIMIZATION_LEVEL = 0;
				GCC_PREPROCESSOR_DEFINITIONS = ("DEBUG=1", "$(inherited)");
				IPHONEOS_DEPLOYMENT_TARGET = 14.0;
				MTL_ENABLE_DEBUG_INFO = INCLUDE_SOURCE;
				MTL_FAST_MATH = YES;
				ONLY_ACTIVE_ARCH = YES;
				SDKROOT = iphoneos;
				SWIFT_ACTIVE_COMPILATION_CONDITIONS = DEBUG;
				SWIFT_OPTIMIZATION_LEVEL = "-Onone";
			};
			name = Debug;
		};
		43792D00DEFEAF5FBAFAEF3A /* Release */ = {
			isa = XCBuildConfiguration;
			buildSettings = {
				ALWAYS_SEARCH_USER_PATHS = NO;
				CLANG_ANALYZER_NONNULL = YES;
				CLANG_CXX_LANGUAGE_STANDARD = "gnu++20";
				CLANG_ENABLE_MODULES = YES;
				CLANG_ENABLE_OBJC_ARC = YES;
				COPY_PHASE_STRIP = NO;
				DEBUG_INFORMATION_FORMAT = "dwarf-with-dsym";
				ENABLE_NS_ASSERTIONS = NO;
				ENABLE_STRICT_OBJC_MSGSEND = YES;
				GCC_C_LANGUAGE_STANDARD = gnu11;
				GCC_NO_COMMON_BLOCKS = YES;
				IPHONEOS_DEPLOYMENT_TARGET = 14.0;
				MTL_ENABLE_DEBUG_INFO = NO;
				MTL_FAST_MATH = YES;
				SDKROOT = iphoneos;
				SWIFT_COMPILATION_MODE = wholemodule;
				SWIFT_OPTIMIZATION_LEVEL = "-O";
				VALIDATE_PRODUCT = YES;
			};
			name = Release;
		};
		20EAFFCEB15830E07E33069E /* Debug */ = {
			isa = XCBuildConfiguration;
			buildSettings = {
				ASSETCATALOG_COMPILER_APPICON_NAME = AppIcon;
				CODE_SIGN_STYLE = Automatic;
				CURRENT_PROJECT_VERSION = 1;
				GENERATE_INFOPLIST_FILE = NO;
				INFOPLIST_FILE = NovelReader/Info.plist;
				LD_RUNPATH_SEARCH_PATHS = ("$(inherited)", "@executable_path/Frameworks");
				MARKETING_VERSION = 1.0.0;
				PRODUCT_BUNDLE_IDENTIFIER = com.novelreader.app;
				PRODUCT_NAME = "$(TARGET_NAME)";
				SWIFT_VERSION = 5.0;
				TARGETED_DEVICE_FAMILY = "1,2";
			};
			name = Debug;
		};
		ED062DA84C253B3CADFE3FA3 /* Release */ = {
			isa = XCBuildConfiguration;
			buildSettings = {
				ASSETCATALOG_COMPILER_APPICON_NAME = AppIcon;
				CODE_SIGN_STYLE = Automatic;
				CURRENT_PROJECT_VERSION = 1;
				GENERATE_INFOPLIST_FILE = NO;
				INFOPLIST_FILE = NovelReader/Info.plist;
				LD_RUNPATH_SEARCH_PATHS = ("$(inherited)", "@executable_path/Frameworks");
				MARKETING_VERSION = 1.0.0;
				PRODUCT_BUNDLE_IDENTIFIER = com.novelreader.app;
				PRODUCT_NAME = "$(TARGET_NAME)";
				SWIFT_VERSION = 5.0;
				TARGETED_DEVICE_FAMILY = "1,2";
			};
			name = Release;
		};
/* End XCBuildConfiguration section */

/* Begin XCConfigurationList section */
		6E39CCE14DCF712BA66C9965 /* Build configuration list for PBXProject "NovelReader" */ = {
			isa = XCConfigurationList;
			buildConfigurations = (
				A29EF1944E22A8DDB1A190ED /* Debug */,
				43792D00DEFEAF5FBAFAEF3A /* Release */,
			);
			defaultConfigurationIsVisible = 0;
			defaultConfigurationName = Release;
		};
		843DC471AAF26AC8174F311B /* Build configuration list for PBXNativeTarget "NovelReader" */ = {
			isa = XCConfigurationList;
			buildConfigurations = (
				20EAFFCEB15830E07E33069E /* Debug */,
				ED062DA84C253B3CADFE3FA3 /* Release */,
			);
			defaultConfigurationIsVisible = 0;
			defaultConfigurationName = Release;
		};
/* End XCConfigurationList section */

/* Begin XCRemoteSwiftPackageReference section */
		2833F322D0F2085CB5A85F1E /* XCRemoteSwiftPackageReference "GRDB.swift" */ = {
			isa = XCRemoteSwiftPackageReference;
			repositoryURL = "https://github.com/groue/GRDB.swift.git";
			requirement = {
				kind = upToNextMajorVersion;
				minimumVersion = 6.0.0;
			};
		};
/* End XCRemoteSwiftPackageReference section */

/* Begin XCSwiftPackageProductDependency section */
		038F7006B203E1F553105C2B /* GRDB */ = {
			isa = XCSwiftPackageProductDependency;
			package = 2833F322D0F2085CB5A85F1E /* XCRemoteSwiftPackageReference "GRDB.swift" */;
			productName = GRDB;
		};
/* End XCSwiftPackageProductDependency section */

	};
	rootObject = 1781F676DEDF5767F3243DB0 /* Project object */;
}
